// !$*UTF8*$!
{
	archiveVersion = 1;
	classes = {
	};
	objectVersion = 55;
	objects = {

/* Begin PBXBuildFile section */
		080F476628E6E8940071B053 /* AppDelegate.swift in Sources */ = {isa = PBXBuildFile; fileRef = 080F476528E6E8940071B053 /* AppDelegate.swift */; };
		080F476828E6E8940071B053 /* SceneDelegate.swift in Sources */ = {isa = PBXBuildFile; fileRef = 080F476728E6E8940071B053 /* SceneDelegate.swift */; };
		080F476A28E6E8940071B053 /* ViewController.swift in Sources */ = {isa = PBXBuildFile; fileRef = 080F476928E6E8940071B053 /* ViewController.swift */; };
		080F476D28E6E8940071B053 /* Main.storyboard in Resources */ = {isa = PBXBuildFile; fileRef = 080F476B28E6E8940071B053 /* Main.storyboard */; };
		080F476F28E6E8960071B053 /* Assets.xcassets in Resources */ = {isa = PBXBuildFile; fileRef = 080F476E28E6E8960071B053 /* Assets.xcassets */; };
		080F477228E6E8960071B053 /* LaunchScreen.storyboard in Resources */ = {isa = PBXBuildFile; fileRef = 080F477028E6E8960071B053 /* LaunchScreen.storyboard */; };
		080F477D28E6E8960071B053 /* MovierTests.swift in Sources */ = {isa = PBXBuildFile; fileRef = 080F477C28E6E8960071B053 /* MovierTests.swift */; };
		080F478728E6E8960071B053 /* MovierUITests.swift in Sources */ = {isa = PBXBuildFile; fileRef = 080F478628E6E8960071B053 /* MovierUITests.swift */; };
		080F478928E6E8960071B053 /* MovierUITestsLaunchTests.swift in Sources */ = {isa = PBXBuildFile; fileRef = 080F478828E6E8960071B053 /* MovierUITestsLaunchTests.swift */; };
		080F479A28E6E8D10071B053 /* MovieDescriptionViewController.swift in Sources */ = {isa = PBXBuildFile; fileRef = 080F479928E6E8D10071B053 /* MovieDescriptionViewController.swift */; };
		080F479D28E6F9990071B053 /* MovierApi.swift in Sources */ = {isa = PBXBuildFile; fileRef = 080F479C28E6F9990071B053 /* MovierApi.swift */; };
		080F479F28E716770071B053 /* Movie.swift in Sources */ = {isa = PBXBuildFile; fileRef = 080F479E28E716770071B053 /* Movie.swift */; };
		080F47A128E73B8F0071B053 /* MovieListViewController.swift in Sources */ = {isa = PBXBuildFile; fileRef = 080F47A028E73B8F0071B053 /* MovieListViewController.swift */; };
		6D00DC28F79FC537A73CD33B /* Pods_Movier.framework in Frameworks */ = {isa = PBXBuildFile; fileRef = A5A9424BCEF8C8168CA24C4E /* Pods_Movier.framework */; };
		A87E64FA040865C9694D3B6D /* Pods_Movier_MovierUITests.framework in Frameworks */ = {isa = PBXBuildFile; fileRef = 5A86BE837EF8A5BE61251D60 /* Pods_Movier_MovierUITests.framework */; };
		CEFE251BD37CFEAB0AEAA0C6 /* Pods_MovierTests.framework in Frameworks */ = {isa = PBXBuildFile; fileRef = D96F41C7D6BD0FBFC8B38B8A /* Pods_MovierTests.framework */; };
/* End PBXBuildFile section */

/* Begin PBXContainerItemProxy section */
		080F477928E6E8960071B053 /* PBXContainerItemProxy */ = {
			isa = PBXContainerItemProxy;
			containerPortal = 080F475A28E6E8940071B053 /* Project object */;
			proxyType = 1;
			remoteGlobalIDString = 080F476128E6E8940071B053;
			remoteInfo = Movier;
		};
		080F478328E6E8960071B053 /* PBXContainerItemProxy */ = {
			isa = PBXContainerItemProxy;
			containerPortal = 080F475A28E6E8940071B053 /* Project object */;
			proxyType = 1;
			remoteGlobalIDString = 080F476128E6E8940071B053;
			remoteInfo = Movier;
		};
/* End PBXContainerItemProxy section */

/* Begin PBXFileReference section */
		080F476228E6E8940071B053 /* Movier.app */ = {isa = PBXFileReference; explicitFileType = wrapper.application; includeInIndex = 0; path = Movier.app; sourceTree = BUILT_PRODUCTS_DIR; };
		080F476528E6E8940071B053 /* AppDelegate.swift */ = {isa = PBXFileReference; lastKnownFileType = sourcecode.swift; path = AppDelegate.swift; sourceTree = "<group>"; };
		080F476728E6E8940071B053 /* SceneDelegate.swift */ = {isa = PBXFileReference; lastKnownFileType = sourcecode.swift; path = SceneDelegate.swift; sourceTree = "<group>"; };
		080F476928E6E8940071B053 /* ViewController.swift */ = {isa = PBXFileReference; lastKnownFileType = sourcecode.swift; path = ViewController.swift; sourceTree = "<group>"; };
		080F476C28E6E8940071B053 /* Base */ = {isa = PBXFileReference; lastKnownFileType = file.storyboard; name = Base; path = Base.lproj/Main.storyboard; sourceTree = "<group>"; };
		080F476E28E6E8960071B053 /* Assets.xcassets */ = {isa = PBXFileReference; lastKnownFileType = folder.assetcatalog; path = Assets.xcassets; sourceTree = "<group>"; };
		080F477128E6E8960071B053 /* Base */ = {isa = PBXFileReference; lastKnownFileType = file.storyboard; name = Base; path = Base.lproj/LaunchScreen.storyboard; sourceTree = "<group>"; };
		080F477328E6E8960071B053 /* Info.plist */ = {isa = PBXFileReference; lastKnownFileType = text.plist.xml; path = Info.plist; sourceTree = "<group>"; };
		080F477828E6E8960071B053 /* MovierTests.xctest */ = {isa = PBXFileReference; explicitFileType = wrapper.cfbundle; includeInIndex = 0; path = MovierTests.xctest; sourceTree = BUILT_PRODUCTS_DIR; };
		080F477C28E6E8960071B053 /* MovierTests.swift */ = {isa = PBXFileReference; lastKnownFileType = sourcecode.swift; path = MovierTests.swift; sourceTree = "<group>"; };
		080F478228E6E8960071B053 /* MovierUITests.xctest */ = {isa = PBXFileReference; explicitFileType = wrapper.cfbundle; includeInIndex = 0; path = MovierUITests.xctest; sourceTree = BUILT_PRODUCTS_DIR; };
		080F478628E6E8960071B053 /* MovierUITests.swift */ = {isa = PBXFileReference; lastKnownFileType = sourcecode.swift; path = MovierUITests.swift; sourceTree = "<group>"; };
		080F478828E6E8960071B053 /* MovierUITestsLaunchTests.swift */ = {isa = PBXFileReference; lastKnownFileType = sourcecode.swift; path = MovierUITestsLaunchTests.swift; sourceTree = "<group>"; };
		080F479928E6E8D10071B053 /* MovieDescriptionViewController.swift */ = {isa = PBXFileReference; lastKnownFileType = sourcecode.swift; path = MovieDescriptionViewController.swift; sourceTree = "<group>"; };
		080F479C28E6F9990071B053 /* MovierApi.swift */ = {isa = PBXFileReference; lastKnownFileType = sourcecode.swift; path = MovierApi.swift; sourceTree = "<group>"; };
		080F479E28E716770071B053 /* Movie.swift */ = {isa = PBXFileReference; lastKnownFileType = sourcecode.swift; path = Movie.swift; sourceTree = "<group>"; };
		080F47A028E73B8F0071B053 /* MovieListViewController.swift */ = {isa = PBXFileReference; lastKnownFileType = sourcecode.swift; path = MovieListViewController.swift; sourceTree = "<group>"; };
		503854F78040C1D4EA6A2532 /* Pods-MovierTests.release.xcconfig */ = {isa = PBXFileReference; includeInIndex = 1; lastKnownFileType = text.xcconfig; name = "Pods-MovierTests.release.xcconfig"; path = "Target Support Files/Pods-MovierTests/Pods-MovierTests.release.xcconfig"; sourceTree = "<group>"; };
		54BC7FC1D56202076DBA0CD7 /* Pods-Movier-MovierUITests.release.xcconfig */ = {isa = PBXFileReference; includeInIndex = 1; lastKnownFileType = text.xcconfig; name = "Pods-Movier-MovierUITests.release.xcconfig"; path = "Target Support Files/Pods-Movier-MovierUITests/Pods-Movier-MovierUITests.release.xcconfig"; sourceTree = "<group>"; };
		5A86BE837EF8A5BE61251D60 /* Pods_Movier_MovierUITests.framework */ = {isa = PBXFileReference; explicitFileType = wrapper.framework; includeInIndex = 0; path = Pods_Movier_MovierUITests.framework; sourceTree = BUILT_PRODUCTS_DIR; };
		682C6824CFEC20431FE37913 /* Pods-Movier.debug.xcconfig */ = {isa = PBXFileReference; includeInIndex = 1; lastKnownFileType = text.xcconfig; name = "Pods-Movier.debug.xcconfig"; path = "Target Support Files/Pods-Movier/Pods-Movier.debug.xcconfig"; sourceTree = "<group>"; };
		7E74EA08A382A585D0E89385 /* Pods-Movier.release.xcconfig */ = {isa = PBXFileReference; includeInIndex = 1; lastKnownFileType = text.xcconfig; name = "Pods-Movier.release.xcconfig"; path = "Target Support Files/Pods-Movier/Pods-Movier.release.xcconfig"; sourceTree = "<group>"; };
		A02D07A7E8E194F14684F23E /* Pods-MovierTests.debug.xcconfig */ = {isa = PBXFileReference; includeInIndex = 1; lastKnownFileType = text.xcconfig; name = "Pods-MovierTests.debug.xcconfig"; path = "Target Support Files/Pods-MovierTests/Pods-MovierTests.debug.xcconfig"; sourceTree = "<group>"; };
		A5A9424BCEF8C8168CA24C4E /* Pods_Movier.framework */ = {isa = PBXFileReference; explicitFileType = wrapper.framework; includeInIndex = 0; path = Pods_Movier.framework; sourceTree = BUILT_PRODUCTS_DIR; };
		C5CFF413B9A4D6485A7A0A1E /* Pods-Movier-MovierUITests.debug.xcconfig */ = {isa = PBXFileReference; includeInIndex = 1; lastKnownFileType = text.xcconfig; name = "Pods-Movier-MovierUITests.debug.xcconfig"; path = "Target Support Files/Pods-Movier-MovierUITests/Pods-Movier-MovierUITests.debug.xcconfig"; sourceTree = "<group>"; };
		D96F41C7D6BD0FBFC8B38B8A /* Pods_MovierTests.framework */ = {isa = PBXFileReference; explicitFileType = wrapper.framework; includeInIndex = 0; path = Pods_MovierTests.framework; sourceTree = BUILT_PRODUCTS_DIR; };
/* End PBXFileReference section */

/* Begin PBXFrameworksBuildPhase section */
		080F475F28E6E8940071B053 /* Frameworks */ = {
			isa = PBXFrameworksBuildPhase;
			buildActionMask = 2147483647;
			files = (
				6D00DC28F79FC537A73CD33B /* Pods_Movier.framework in Frameworks */,
			);
			runOnlyForDeploymentPostprocessing = 0;
		};
		080F477528E6E8960071B053 /* Frameworks */ = {
			isa = PBXFrameworksBuildPhase;
			buildActionMask = 2147483647;
			files = (
				CEFE251BD37CFEAB0AEAA0C6 /* Pods_MovierTests.framework in Frameworks */,
			);
			runOnlyForDeploymentPostprocessing = 0;
		};
		080F477F28E6E8960071B053 /* Frameworks */ = {
			isa = PBXFrameworksBuildPhase;
			buildActionMask = 2147483647;
			files = (
				A87E64FA040865C9694D3B6D /* Pods_Movier_MovierUITests.framework in Frameworks */,
			);
			runOnlyForDeploymentPostprocessing = 0;
		};
/* End PBXFrameworksBuildPhase section */

/* Begin PBXGroup section */
		080F475928E6E8940071B053 = {
			isa = PBXGroup;
			children = (
				080F476428E6E8940071B053 /* Movier */,
				080F477B28E6E8960071B053 /* MovierTests */,
				080F478528E6E8960071B053 /* MovierUITests */,
				080F476328E6E8940071B053 /* Products */,
				FC406B17AA7C301CC532B757 /* Pods */,
				B77C76BA6371CDD111375FDA /* Frameworks */,
			);
			sourceTree = "<group>";
		};
		080F476328E6E8940071B053 /* Products */ = {
			isa = PBXGroup;
			children = (
				080F476228E6E8940071B053 /* Movier.app */,
				080F477828E6E8960071B053 /* MovierTests.xctest */,
				080F478228E6E8960071B053 /* MovierUITests.xctest */,
			);
			name = Products;
			sourceTree = "<group>";
		};
		080F476428E6E8940071B053 /* Movier */ = {
			isa = PBXGroup;
			children = (
				080F47A228E73C230071B053 /* controller */,
				080F479828E6E8B70071B053 /* view */,
				080F479628E6E8A70071B053 /* model */,
				080F479528E6E89D0071B053 /* api */,
				080F476528E6E8940071B053 /* AppDelegate.swift */,
				080F476728E6E8940071B053 /* SceneDelegate.swift */,
				080F476E28E6E8960071B053 /* Assets.xcassets */,
				080F477028E6E8960071B053 /* LaunchScreen.storyboard */,
				080F477328E6E8960071B053 /* Info.plist */,
			);
			path = Movier;
			sourceTree = "<group>";
		};
		080F477B28E6E8960071B053 /* MovierTests */ = {
			isa = PBXGroup;
			children = (
				080F477C28E6E8960071B053 /* MovierTests.swift */,
			);
			path = MovierTests;
			sourceTree = "<group>";
		};
		080F478528E6E8960071B053 /* MovierUITests */ = {
			isa = PBXGroup;
			children = (
				080F478628E6E8960071B053 /* MovierUITests.swift */,
				080F478828E6E8960071B053 /* MovierUITestsLaunchTests.swift */,
			);
			path = MovierUITests;
			sourceTree = "<group>";
		};
		080F479528E6E89D0071B053 /* api */ = {
			isa = PBXGroup;
			children = (
				080F479C28E6F9990071B053 /* MovierApi.swift */,
			);
			path = api;
			sourceTree = "<group>";
		};
		080F479628E6E8A70071B053 /* model */ = {
			isa = PBXGroup;
			children = (
				080F479E28E716770071B053 /* Movie.swift */,
			);
			path = model;
			sourceTree = "<group>";
		};
		080F479828E6E8B70071B053 /* view */ = {
			isa = PBXGroup;
			children = (
				080F476B28E6E8940071B053 /* Main.storyboard */,
			);
			path = view;
			sourceTree = "<group>";
		};
		080F47A228E73C230071B053 /* controller */ = {
			isa = PBXGroup;
			children = (
				080F476928E6E8940071B053 /* ViewController.swift */,
				080F47A028E73B8F0071B053 /* MovieListViewController.swift */,
				080F479928E6E8D10071B053 /* MovieDescriptionViewController.swift */,
			);
			path = controller;
			sourceTree = "<group>";
		};
		B77C76BA6371CDD111375FDA /* Frameworks */ = {
			isa = PBXGroup;
			children = (
				A5A9424BCEF8C8168CA24C4E /* Pods_Movier.framework */,
				5A86BE837EF8A5BE61251D60 /* Pods_Movier_MovierUITests.framework */,
				D96F41C7D6BD0FBFC8B38B8A /* Pods_MovierTests.framework */,
			);
			name = Frameworks;
			sourceTree = "<group>";
		};
		FC406B17AA7C301CC532B757 /* Pods */ = {
			isa = PBXGroup;
			children = (
				682C6824CFEC20431FE37913 /* Pods-Movier.debug.xcconfig */,
				7E74EA08A382A585D0E89385 /* Pods-Movier.release.xcconfig */,
				C5CFF413B9A4D6485A7A0A1E /* Pods-Movier-MovierUITests.debug.xcconfig */,
				54BC7FC1D56202076DBA0CD7 /* Pods-Movier-MovierUITests.release.xcconfig */,
				A02D07A7E8E194F14684F23E /* Pods-MovierTests.debug.xcconfig */,
				503854F78040C1D4EA6A2532 /* Pods-MovierTests.release.xcconfig */,
			);
			path = Pods;
			sourceTree = "<group>";
		};
/* End PBXGroup section */

/* Begin PBXNativeTarget section */
		080F476128E6E8940071B053 /* Movier */ = {
			isa = PBXNativeTarget;
			buildConfigurationList = 080F478C28E6E8960071B053 /* Build configuration list for PBXNativeTarget "Movier" */;
			buildPhases = (
				128AE5C109A6E0DD852EDEAD /* [CP] Check Pods Manifest.lock */,
				080F475E28E6E8940071B053 /* Sources */,
				080F475F28E6E8940071B053 /* Frameworks */,
				080F476028E6E8940071B053 /* Resources */,
				7DB27F5816F286C8BA9F6C33 /* [CP] Embed Pods Frameworks */,
			);
			buildRules = (
			);
			dependencies = (
			);
			name = Movier;
			productName = Movier;
			productReference = 080F476228E6E8940071B053 /* Movier.app */;
			productType = "com.apple.product-type.application";
		};
		080F477728E6E8960071B053 /* MovierTests */ = {
			isa = PBXNativeTarget;
			buildConfigurationList = 080F478F28E6E8960071B053 /* Build configuration list for PBXNativeTarget "MovierTests" */;
			buildPhases = (
				286AE746F9B4A079ED614B9B /* [CP] Check Pods Manifest.lock */,
				080F477428E6E8960071B053 /* Sources */,
				080F477528E6E8960071B053 /* Frameworks */,
				080F477628E6E8960071B053 /* Resources */,
			);
			buildRules = (
			);
			dependencies = (
				080F477A28E6E8960071B053 /* PBXTargetDependency */,
			);
			name = MovierTests;
			productName = MovierTests;
			productReference = 080F477828E6E8960071B053 /* MovierTests.xctest */;
			productType = "com.apple.product-type.bundle.unit-test";
		};
		080F478128E6E8960071B053 /* MovierUITests */ = {
			isa = PBXNativeTarget;
			buildConfigurationList = 080F479228E6E8960071B053 /* Build configuration list for PBXNativeTarget "MovierUITests" */;
			buildPhases = (
				719DF1908D975CCFA64AB26C /* [CP] Check Pods Manifest.lock */,
				080F477E28E6E8960071B053 /* Sources */,
				080F477F28E6E8960071B053 /* Frameworks */,
				080F478028E6E8960071B053 /* Resources */,
				36CB40D5693CF3E0DC46D8EE /* [CP] Embed Pods Frameworks */,
			);
			buildRules = (
			);
			dependencies = (
				080F478428E6E8960071B053 /* PBXTargetDependency */,
			);
			name = MovierUITests;
			productName = MovierUITests;
			productReference = 080F478228E6E8960071B053 /* MovierUITests.xctest */;
			productType = "com.apple.product-type.bundle.ui-testing";
		};
/* End PBXNativeTarget section */

/* Begin PBXProject section */
		080F475A28E6E8940071B053 /* Project object */ = {
			isa = PBXProject;
			attributes = {
				BuildIndependentTargetsInParallel = 1;
				LastSwiftUpdateCheck = 1310;
				LastUpgradeCheck = 1310;
				TargetAttributes = {
					080F476128E6E8940071B053 = {
						CreatedOnToolsVersion = 13.1;
					};
					080F477728E6E8960071B053 = {
						CreatedOnToolsVersion = 13.1;
						TestTargetID = 080F476128E6E8940071B053;
					};
					080F478128E6E8960071B053 = {
						CreatedOnToolsVersion = 13.1;
						TestTargetID = 080F476128E6E8940071B053;
					};
				};
			};
			buildConfigurationList = 080F475D28E6E8940071B053 /* Build configuration list for PBXProject "Movier" */;
			compatibilityVersion = "Xcode 13.0";
			developmentRegion = en;
			hasScannedForEncodings = 0;
			knownRegions = (
				en,
				Base,
			);
			mainGroup = 080F475928E6E8940071B053;
			productRefGroup = 080F476328E6E8940071B053 /* Products */;
			projectDirPath = "";
			projectRoot = "";
			targets = (
				080F476128E6E8940071B053 /* Movier */,
				080F477728E6E8960071B053 /* MovierTests */,
				080F478128E6E8960071B053 /* MovierUITests */,
			);
		};
/* End PBXProject section */

/* Begin PBXResourcesBuildPhase section */
		080F476028E6E8940071B053 /* Resources */ = {
			isa = PBXResourcesBuildPhase;
			buildActionMask = 2147483647;
			files = (
				080F477228E6E8960071B053 /* LaunchScreen.storyboard in Resources */,
				080F476F28E6E8960071B053 /* Assets.xcassets in Resources */,
				080F476D28E6E8940071B053 /* Main.storyboard in Resources */,
			);
			runOnlyForDeploymentPostprocessing = 0;
		};
		080F477628E6E8960071B053 /* Resources */ = {
			isa = PBXResourcesBuildPhase;
			buildActionMask = 2147483647;
			files = (
			);
			runOnlyForDeploymentPostprocessing = 0;
		};
		080F478028E6E8960071B053 /* Resources */ = {
			isa = PBXResourcesBuildPhase;
			buildActionMask = 2147483647;
			files = (
			);
			runOnlyForDeploymentPostprocessing = 0;
		};
/* End PBXResourcesBuildPhase section */

/* Begin PBXShellScriptBuildPhase section */
		128AE5C109A6E0DD852EDEAD /* [CP] Check Pods Manifest.lock */ = {
			isa = PBXShellScriptBuildPhase;
			buildActionMask = 2147483647;
			files = (
			);
			inputFileListPaths = (
			);
			inputPaths = (
				"${PODS_PODFILE_DIR_PATH}/Podfile.lock",
				"${PODS_ROOT}/Manifest.lock",
			);
			name = "[CP] Check Pods Manifest.lock";
			outputFileListPaths = (
			);
			outputPaths = (
				"$(DERIVED_FILE_DIR)/Pods-Movier-checkManifestLockResult.txt",
			);
			runOnlyForDeploymentPostprocessing = 0;
			shellPath = /bin/sh;
			shellScript = "diff \"${PODS_PODFILE_DIR_PATH}/Podfile.lock\" \"${PODS_ROOT}/Manifest.lock\" > /dev/null\nif [ $? != 0 ] ; then\n    # print error to STDERR\n    echo \"error: The sandbox is not in sync with the Podfile.lock. Run 'pod install' or update your CocoaPods installation.\" >&2\n    exit 1\nfi\n# This output is used by Xcode 'outputs' to avoid re-running this script phase.\necho \"SUCCESS\" > \"${SCRIPT_OUTPUT_FILE_0}\"\n";
			showEnvVarsInLog = 0;
		};
		286AE746F9B4A079ED614B9B /* [CP] Check Pods Manifest.lock */ = {
			isa = PBXShellScriptBuildPhase;
			buildActionMask = 2147483647;
			files = (
			);
			inputFileListPaths = (
			);
			inputPaths = (
				"${PODS_PODFILE_DIR_PATH}/Podfile.lock",
				"${PODS_ROOT}/Manifest.lock",
			);
			name = "[CP] Check Pods Manifest.lock";
			outputFileListPaths = (
			);
			outputPaths = (
				"$(DERIVED_FILE_DIR)/Pods-MovierTests-checkManifestLockResult.txt",
			);
			runOnlyForDeploymentPostprocessing = 0;
			shellPath = /bin/sh;
			shellScript = "diff \"${PODS_PODFILE_DIR_PATH}/Podfile.lock\" \"${PODS_ROOT}/Manifest.lock\" > /dev/null\nif [ $? != 0 ] ; then\n    # print error to STDERR\n    echo \"error: The sandbox is not in sync with the Podfile.lock. Run 'pod install' or update your CocoaPods installation.\" >&2\n    exit 1\nfi\n# This output is used by Xcode 'outputs' to avoid re-running this script phase.\necho \"SUCCESS\" > \"${SCRIPT_OUTPUT_FILE_0}\"\n";
			showEnvVarsInLog = 0;
		};
		36CB40D5693CF3E0DC46D8EE /* [CP] Embed Pods Frameworks */ = {
			isa = PBXShellScriptBuildPhase;
			buildActionMask = 2147483647;
			files = (
			);
			inputFileListPaths = (
				"${PODS_ROOT}/Target Support Files/Pods-Movier-MovierUITests/Pods-Movier-MovierUITests-frameworks-${CONFIGURATION}-input-files.xcfilelist",
			);
			name = "[CP] Embed Pods Frameworks";
			outputFileListPaths = (
				"${PODS_ROOT}/Target Support Files/Pods-Movier-MovierUITests/Pods-Movier-MovierUITests-frameworks-${CONFIGURATION}-output-files.xcfilelist",
			);
			runOnlyForDeploymentPostprocessing = 0;
			shellPath = /bin/sh;
			shellScript = "\"${PODS_ROOT}/Target Support Files/Pods-Movier-MovierUITests/Pods-Movier-MovierUITests-frameworks.sh\"\n";
			showEnvVarsInLog = 0;
		};
		719DF1908D975CCFA64AB26C /* [CP] Check Pods Manifest.lock */ = {
			isa = PBXShellScriptBuildPhase;
			buildActionMask = 2147483647;
			files = (
			);
			inputFileListPaths = (
			);
			inputPaths = (
				"${PODS_PODFILE_DIR_PATH}/Podfile.lock",
				"${PODS_ROOT}/Manifest.lock",
			);
			name = "[CP] Check Pods Manifest.lock";
			outputFileListPaths = (
			);
			outputPaths = (
				"$(DERIVED_FILE_DIR)/Pods-Movier-MovierUITests-checkManifestLockResult.txt",
			);
			runOnlyForDeploymentPostprocessing = 0;
			shellPath = /bin/sh;
			shellScript = "diff \"${PODS_PODFILE_DIR_PATH}/Podfile.lock\" \"${PODS_ROOT}/Manifest.lock\" > /dev/null\nif [ $? != 0 ] ; then\n    # print error to STDERR\n    echo \"error: The sandbox is not in sync with the Podfile.lock. Run 'pod install' or update your CocoaPods installation.\" >&2\n    exit 1\nfi\n# This output is used by Xcode 'outputs' to avoid re-running this script phase.\necho \"SUCCESS\" > \"${SCRIPT_OUTPUT_FILE_0}\"\n";
			showEnvVarsInLog = 0;
		};
		7DB27F5816F286C8BA9F6C33 /* [CP] Embed Pods Frameworks */ = {
			isa = PBXShellScriptBuildPhase;
			buildActionMask = 2147483647;
			files = (
			);
			inputFileListPaths = (
				"${PODS_ROOT}/Target Support Files/Pods-Movier/Pods-Movier-frameworks-${CONFIGURATION}-input-files.xcfilelist",
			);
			name = "[CP] Embed Pods Frameworks";
			outputFileListPaths = (
				"${PODS_ROOT}/Target Support Files/Pods-Movier/Pods-Movier-frameworks-${CONFIGURATION}-output-files.xcfilelist",
			);
			runOnlyForDeploymentPostprocessing = 0;
			shellPath = /bin/sh;
			shellScript = "\"${PODS_ROOT}/Target Support Files/Pods-Movier/Pods-Movier-frameworks.sh\"\n";
			showEnvVarsInLog = 0;
		};
/* End PBXShellScriptBuildPhase section */

/* Begin PBXSourcesBuildPhase section */
		080F475E28E6E8940071B053 /* Sources */ = {
			isa = PBXSourcesBuildPhase;
			buildActionMask = 2147483647;
			files = (
				080F476A28E6E8940071B053 /* ViewController.swift in Sources */,
				080F476628E6E8940071B053 /* AppDelegate.swift in Sources */,
				080F479F28E716770071B053 /* Movie.swift in Sources */,
				080F479A28E6E8D10071B053 /* MovieDescriptionViewController.swift in Sources */,
				080F47A128E73B8F0071B053 /* MovieListViewController.swift in Sources */,
				080F479D28E6F9990071B053 /* MovierApi.swift in Sources */,
				080F476828E6E8940071B053 /* SceneDelegate.swift in Sources */,
			);
			runOnlyForDeploymentPostprocessing = 0;
		};
		080F477428E6E8960071B053 /* Sources */ = {
			isa = PBXSourcesBuildPhase;
			buildActionMask = 2147483647;
			files = (
				080F477D28E6E8960071B053 /* MovierTests.swift in Sources */,
			);
			runOnlyForDeploymentPostprocessing = 0;
		};
		080F477E28E6E8960071B053 /* Sources */ = {
			isa = PBXSourcesBuildPhase;
			buildActionMask = 2147483647;
			files = (
				080F478928E6E8960071B053 /* MovierUITestsLaunchTests.swift in Sources */,
				080F478728E6E8960071B053 /* MovierUITests.swift in Sources */,
			);
			runOnlyForDeploymentPostprocessing = 0;
		};
/* End PBXSourcesBuildPhase section */

/* Begin PBXTargetDependency section */
		080F477A28E6E8960071B053 /* PBXTargetDependency */ = {
			isa = PBXTargetDependency;
			target = 080F476128E6E8940071B053 /* Movier */;
			targetProxy = 080F477928E6E8960071B053 /* PBXContainerItemProxy */;
		};
		080F478428E6E8960071B053 /* PBXTargetDependency */ = {
			isa = PBXTargetDependency;
			target = 080F476128E6E8940071B053 /* Movier */;
			targetProxy = 080F478328E6E8960071B053 /* PBXContainerItemProxy */;
		};
/* End PBXTargetDependency section */

/* Begin PBXVariantGroup section */
		080F476B28E6E8940071B053 /* Main.storyboard */ = {
			isa = PBXVariantGroup;
			children = (
				080F476C28E6E8940071B053 /* Base */,
			);
			name = Main.storyboard;
			sourceTree = "<group>";
		};
		080F477028E6E8960071B053 /* LaunchScreen.storyboard */ = {
			isa = PBXVariantGroup;
			children = (
				080F477128E6E8960071B053 /* Base */,
			);
			name = LaunchScreen.storyboard;
			sourceTree = "<group>";
		};
/* End PBXVariantGroup section */

/* Begin XCBuildConfiguration section */
		080F478A28E6E8960071B053 /* Debug */ = {
			isa = XCBuildConfiguration;
			buildSettings = {
				ALWAYS_SEARCH_USER_PATHS = NO;
				CLANG_ANALYZER_NONNULL = YES;
				CLANG_ANALYZER_NUMBER_OBJECT_CONVERSION = YES_AGGRESSIVE;
				CLANG_CXX_LANGUAGE_STANDARD = "gnu++17";
				CLANG_CXX_LIBRARY = "libc++";
				CLANG_ENABLE_MODULES = YES;
				CLANG_ENABLE_OBJC_ARC = YES;
				CLANG_ENABLE_OBJC_WEAK = YES;
				CLANG_WARN_BLOCK_CAPTURE_AUTORELEASING = YES;
				CLANG_WARN_BOOL_CONVERSION = YES;
				CLANG_WARN_COMMA = YES;
				CLANG_WARN_CONSTANT_CONVERSION = YES;
				CLANG_WARN_DEPRECATED_OBJC_IMPLEMENTATIONS = YES;
				CLANG_WARN_DIRECT_OBJC_ISA_USAGE = YES_ERROR;
				CLANG_WARN_DOCUMENTATION_COMMENTS = YES;
				CLANG_WARN_EMPTY_BODY = YES;
				CLANG_WARN_ENUM_CONVERSION = YES;
				CLANG_WARN_INFINITE_RECURSION = YES;
				CLANG_WARN_INT_CONVERSION = YES;
				CLANG_WARN_NON_LITERAL_NULL_CONVERSION = YES;
				CLANG_WARN_OBJC_IMPLICIT_RETAIN_SELF = YES;
				CLANG_WARN_OBJC_LITERAL_CONVERSION = YES;
				CLANG_WARN_OBJC_ROOT_CLASS = YES_ERROR;
				CLANG_WARN_QUOTED_INCLUDE_IN_FRAMEWORK_HEADER = YES;
				CLANG_WARN_RANGE_LOOP_ANALYSIS = YES;
				CLANG_WARN_STRICT_PROTOTYPES = YES;
				CLANG_WARN_SUSPICIOUS_MOVE = YES;
				CLANG_WARN_UNGUARDED_AVAILABILITY = YES_AGGRESSIVE;
				CLANG_WARN_UNREACHABLE_CODE = YES;
				CLANG_WARN__DUPLICATE_METHOD_MATCH = YES;
				COPY_PHASE_STRIP = NO;
				DEBUG_INFORMATION_FORMAT = dwarf;
				ENABLE_STRICT_OBJC_MSGSEND = YES;
				ENABLE_TESTABILITY = YES;
				GCC_C_LANGUAGE_STANDARD = gnu11;
				GCC_DYNAMIC_NO_PIC = NO;
				GCC_NO_COMMON_BLOCKS = YES;
				GCC_OPTIMIZATION_LEVEL = 0;
				GCC_PREPROCESSOR_DEFINITIONS = (
					"DEBUG=1",
					"$(inherited)",
				);
				GCC_WARN_64_TO_32_BIT_CONVERSION = YES;
				GCC_WARN_ABOUT_RETURN_TYPE = YES_ERROR;
				GCC_WARN_UNDECLARED_SELECTOR = YES;
				GCC_WARN_UNINITIALIZED_AUTOS = YES_AGGRESSIVE;
				GCC_WARN_UNUSED_FUNCTION = YES;
				GCC_WARN_UNUSED_VARIABLE = YES;
				IPHONEOS_DEPLOYMENT_TARGET = 15.0;
				MTL_ENABLE_DEBUG_INFO = INCLUDE_SOURCE;
				MTL_FAST_MATH = YES;
				ONLY_ACTIVE_ARCH = YES;
				SDKROOT = iphoneos;
				SWIFT_ACTIVE_COMPILATION_CONDITIONS = DEBUG;
				SWIFT_OPTIMIZATION_LEVEL = "-Onone";
			};
			name = Debug;
		};
		080F478B28E6E8960071B053 /* Release */ = {
			isa = XCBuildConfiguration;
			buildSettings = {
				ALWAYS_SEARCH_USER_PATHS = NO;
				CLANG_ANALYZER_NONNULL = YES;
				CLANG_ANALYZER_NUMBER_OBJECT_CONVERSION = YES_AGGRESSIVE;
				CLANG_CXX_LANGUAGE_STANDARD = "gnu++17";
				CLANG_CXX_LIBRARY = "libc++";
				CLANG_ENABLE_MODULES = YES;
				CLANG_ENABLE_OBJC_ARC = YES;
				CLANG_ENABLE_OBJC_WEAK = YES;
				CLANG_WARN_BLOCK_CAPTURE_AUTORELEASING = YES;
				CLANG_WARN_BOOL_CONVERSION = YES;
				CLANG_WARN_COMMA = YES;
				CLANG_WARN_CONSTANT_CONVERSION = YES;
				CLANG_WARN_DEPRECATED_OBJC_IMPLEMENTATIONS = YES;
				CLANG_WARN_DIRECT_OBJC_ISA_USAGE = YES_ERROR;
				CLANG_WARN_DOCUMENTATION_COMMENTS = YES;
				CLANG_WARN_EMPTY_BODY = YES;
				CLANG_WARN_ENUM_CONVERSION = YES;
				CLANG_WARN_INFINITE_RECURSION = YES;
				CLANG_WARN_INT_CONVERSION = YES;
				CLANG_WARN_NON_LITERAL_NULL_CONVERSION = YES;
				CLANG_WARN_OBJC_IMPLICIT_RETAIN_SELF = YES;
				CLANG_WARN_OBJC_LITERAL_CONVERSION = YES;
				CLANG_WARN_OBJC_ROOT_CLASS = YES_ERROR;
				CLANG_WARN_QUOTED_INCLUDE_IN_FRAMEWORK_HEADER = YES;
				CLANG_WARN_RANGE_LOOP_ANALYSIS = YES;
				CLANG_WARN_STRICT_PROTOTYPES = YES;
				CLANG_WARN_SUSPICIOUS_MOVE = YES;
				CLANG_WARN_UNGUARDED_AVAILABILITY = YES_AGGRESSIVE;
				CLANG_WARN_UNREACHABLE_CODE = YES;
				CLANG_WARN__DUPLICATE_METHOD_MATCH = YES;
				COPY_PHASE_STRIP = NO;
				DEBUG_INFORMATION_FORMAT = "dwarf-with-dsym";
				ENABLE_NS_ASSERTIONS = NO;
				ENABLE_STRICT_OBJC_MSGSEND = YES;
				GCC_C_LANGUAGE_STANDARD = gnu11;
				GCC_NO_COMMON_BLOCKS = YES;
				GCC_WARN_64_TO_32_BIT_CONVERSION = YES;
				GCC_WARN_ABOUT_RETURN_TYPE = YES_ERROR;
				GCC_WARN_UNDECLARED_SELECTOR = YES;
				GCC_WARN_UNINITIALIZED_AUTOS = YES_AGGRESSIVE;
				GCC_WARN_UNUSED_FUNCTION = YES;
				GCC_WARN_UNUSED_VARIABLE = YES;
				IPHONEOS_DEPLOYMENT_TARGET = 15.0;
				MTL_ENABLE_DEBUG_INFO = NO;
				MTL_FAST_MATH = YES;
				SDKROOT = iphoneos;
				SWIFT_COMPILATION_MODE = wholemodule;
				SWIFT_OPTIMIZATION_LEVEL = "-O";
				VALIDATE_PRODUCT = YES;
			};
			name = Release;
		};
		080F478D28E6E8960071B053 /* Debug */ = {
			isa = XCBuildConfiguration;
			baseConfigurationReference = 682C6824CFEC20431FE37913 /* Pods-Movier.debug.xcconfig */;
			buildSettings = {
				ASSETCATALOG_COMPILER_APPICON_NAME = AppIcon;
				ASSETCATALOG_COMPILER_GLOBAL_ACCENT_COLOR_NAME = AccentColor;
				CODE_SIGN_STYLE = Automatic;
				CURRENT_PROJECT_VERSION = 1;
				GENERATE_INFOPLIST_FILE = YES;
				INFOPLIST_FILE = Movier/Info.plist;
				INFOPLIST_KEY_UIApplicationSupportsIndirectInputEvents = YES;
				INFOPLIST_KEY_UILaunchStoryboardName = LaunchScreen;
				INFOPLIST_KEY_UIMainStoryboardFile = Main;
				INFOPLIST_KEY_UISupportedInterfaceOrientations_iPad = "UIInterfaceOrientationPortrait UIInterfaceOrientationPortraitUpsideDown UIInterfaceOrientationLandscapeLeft UIInterfaceOrientationLandscapeRight";
				INFOPLIST_KEY_UISupportedInterfaceOrientations_iPhone = "UIInterfaceOrientationPortrait UIInterfaceOrientationLandscapeLeft UIInterfaceOrientationLandscapeRight";
				LD_RUNPATH_SEARCH_PATHS = (
					"$(inherited)",
					"@executable_path/Frameworks",
				);
				MARKETING_VERSION = 1.0;
				PRODUCT_BUNDLE_IDENTIFIER = com.iutsd.Movier;
				PRODUCT_NAME = "$(TARGET_NAME)";
				SWIFT_EMIT_LOC_STRINGS = YES;
				SWIFT_VERSION = 5.0;
				TARGETED_DEVICE_FAMILY = "1,2";
			};
			name = Debug;
		};
		080F478E28E6E8960071B053 /* Release */ = {
			isa = XCBuildConfiguration;
			baseConfigurationReference = 7E74EA08A382A585D0E89385 /* Pods-Movier.release.xcconfig */;
			buildSettings = {
				ASSETCATALOG_COMPILER_APPICON_NAME = AppIcon;
				ASSETCATALOG_COMPILER_GLOBAL_ACCENT_COLOR_NAME = AccentColor;
				CODE_SIGN_STYLE = Automatic;
				CURRENT_PROJECT_VERSION = 1;
				GENERATE_INFOPLIST_FILE = YES;
				INFOPLIST_FILE = Movier/Info.plist;
				INFOPLIST_KEY_UIApplicationSupportsIndirectInputEvents = YES;
				INFOPLIST_KEY_UILaunchStoryboardName = LaunchScreen;
				INFOPLIST_KEY_UIMainStoryboardFile = Main;
				INFOPLIST_KEY_UISupportedInterfaceOrientations_iPad = "UIInterfaceOrientationPortrait UIInterfaceOrientationPortraitUpsideDown UIInterfaceOrientationLandscapeLeft UIInterfaceOrientationLandscapeRight";
				INFOPLIST_KEY_UISupportedInterfaceOrientations_iPhone = "UIInterfaceOrientationPortrait UIInterfaceOrientationLandscapeLeft UIInterfaceOrientationLandscapeRight";
				LD_RUNPATH_SEARCH_PATHS = (
					"$(inherited)",
					"@executable_path/Frameworks",
				);
				MARKETING_VERSION = 1.0;
				PRODUCT_BUNDLE_IDENTIFIER = com.iutsd.Movier;
				PRODUCT_NAME = "$(TARGET_NAME)";
				SWIFT_EMIT_LOC_STRINGS = YES;
				SWIFT_VERSION = 5.0;
				TARGETED_DEVICE_FAMILY = "1,2";
			};
			name = Release;
		};
		080F479028E6E8960071B053 /* Debug */ = {
			isa = XCBuildConfiguration;
			baseConfigurationReference = A02D07A7E8E194F14684F23E /* Pods-MovierTests.debug.xcconfig */;
			buildSettings = {
				ALWAYS_EMBED_SWIFT_STANDARD_LIBRARIES = YES;
				BUNDLE_LOADER = "$(TEST_HOST)";
				CODE_SIGN_STYLE = Automatic;
				CURRENT_PROJECT_VERSION = 1;
				GENERATE_INFOPLIST_FILE = YES;
				IPHONEOS_DEPLOYMENT_TARGET = 15.0;
				LD_RUNPATH_SEARCH_PATHS = (
					"$(inherited)",
					"@executable_path/Frameworks",
					"@loader_path/Frameworks",
				);
				MARKETING_VERSION = 1.0;
				PRODUCT_BUNDLE_IDENTIFIER = com.iutsd.MovierTests;
				PRODUCT_NAME = "$(TARGET_NAME)";
				SWIFT_EMIT_LOC_STRINGS = NO;
				SWIFT_VERSION = 5.0;
				TARGETED_DEVICE_FAMILY = "1,2";
				TEST_HOST = "$(BUILT_PRODUCTS_DIR)/Movier.app/Movier";
			};
			name = Debug;
		};
		080F479128E6E8960071B053 /* Release */ = {
			isa = XCBuildConfiguration;
			baseConfigurationReference = 503854F78040C1D4EA6A2532 /* Pods-MovierTests.release.xcconfig */;
			buildSettings = {
				ALWAYS_EMBED_SWIFT_STANDARD_LIBRARIES = YES;
				BUNDLE_LOADER = "$(TEST_HOST)";
				CODE_SIGN_STYLE = Automatic;
				CURRENT_PROJECT_VERSION = 1;
				GENERATE_INFOPLIST_FILE = YES;
				IPHONEOS_DEPLOYMENT_TARGET = 15.0;
				LD_RUNPATH_SEARCH_PATHS = (
					"$(inherited)",
					"@executable_path/Frameworks",
					"@loader_path/Frameworks",
				);
				MARKETING_VERSION = 1.0;
				PRODUCT_BUNDLE_IDENTIFIER = com.iutsd.MovierTests;
				PRODUCT_NAME = "$(TARGET_NAME)";
				SWIFT_EMIT_LOC_STRINGS = NO;
				SWIFT_VERSION = 5.0;
				TARGETED_DEVICE_FAMILY = "1,2";
				TEST_HOST = "$(BUILT_PRODUCTS_DIR)/Movier.app/Movier";
			};
			name = Release;
		};
		080F479328E6E8960071B053 /* Debug */ = {
			isa = XCBuildConfiguration;
			baseConfigurationReference = C5CFF413B9A4D6485A7A0A1E /* Pods-Movier-MovierUITests.debug.xcconfig */;
			buildSettings = {
				ALWAYS_EMBED_SWIFT_STANDARD_LIBRARIES = YES;
				CODE_SIGN_STYLE = Automatic;
				CURRENT_PROJECT_VERSION = 1;
				GENERATE_INFOPLIST_FILE = YES;
				LD_RUNPATH_SEARCH_PATHS = (
					"$(inherited)",
					"@executable_path/Frameworks",
					"@loader_path/Frameworks",
				);
				MARKETING_VERSION = 1.0;
				PRODUCT_BUNDLE_IDENTIFIER = com.iutsd.MovierUITests;
				PRODUCT_NAME = "$(TARGET_NAME)";
				SWIFT_EMIT_LOC_STRINGS = NO;
				SWIFT_VERSION = 5.0;
				TARGETED_DEVICE_FAMILY = "1,2";
				TEST_TARGET_NAME = Movier;
			};
			name = Debug;
		};
		080F479428E6E8960071B053 /* Release */ = {
			isa = XCBuildConfiguration;
			baseConfigurationReference = 54BC7FC1D56202076DBA0CD7 /* Pods-Movier-MovierUITests.release.xcconfig */;
			buildSettings = {
				ALWAYS_EMBED_SWIFT_STANDARD_LIBRARIES = YES;
				CODE_SIGN_STYLE = Automatic;
				CURRENT_PROJECT_VERSION = 1;
				GENERATE_INFOPLIST_FILE = YES;
				LD_RUNPATH_SEARCH_PATHS = (
					"$(inherited)",
					"@executable_path/Frameworks",
					"@loader_path/Frameworks",
				);
				MARKETING_VERSION = 1.0;
				PRODUCT_BUNDLE_IDENTIFIER = com.iutsd.MovierUITests;
				PRODUCT_NAME = "$(TARGET_NAME)";
				SWIFT_EMIT_LOC_STRINGS = NO;
				SWIFT_VERSION = 5.0;
				TARGETED_DEVICE_FAMILY = "1,2";
				TEST_TARGET_NAME = Movier;
			};
			name = Release;
		};
/* End XCBuildConfiguration section */

/* Begin XCConfigurationList section */
		080F475D28E6E8940071B053 /* Build configuration list for PBXProject "Movier" */ = {
			isa = XCConfigurationList;
			buildConfigurations = (
				080F478A28E6E8960071B053 /* Debug */,
				080F478B28E6E8960071B053 /* Release */,
			);
			defaultConfigurationIsVisible = 0;
			defaultConfigurationName = Release;
		};
		080F478C28E6E8960071B053 /* Build configuration list for PBXNativeTarget "Movier" */ = {
			isa = XCConfigurationList;
			buildConfigurations = (
				080F478D28E6E8960071B053 /* Debug */,
				080F478E28E6E8960071B053 /* Release */,
			);
			defaultConfigurationIsVisible = 0;
			defaultConfigurationName = Release;
		};
		080F478F28E6E8960071B053 /* Build configuration list for PBXNativeTarget "MovierTests" */ = {
			isa = XCConfigurationList;
			buildConfigurations = (
				080F479028E6E8960071B053 /* Debug */,
				080F479128E6E8960071B053 /* Release */,
			);
			defaultConfigurationIsVisible = 0;
			defaultConfigurationName = Release;
		};
		080F479228E6E8960071B053 /* Build configuration list for PBXNativeTarget "MovierUITests" */ = {
			isa = XCConfigurationList;
			buildConfigurations = (
				080F479328E6E8960071B053 /* Debug */,
				080F479428E6E8960071B053 /* Release */,
			);
			defaultConfigurationIsVisible = 0;
			defaultConfigurationName = Release;
		};
/* End XCConfigurationList section */
	};
	rootObject = 080F475A28E6E8940071B053 /* Project object */;
}
